
Microsoft Visual Studio Solution File, Format Version 12.00
# Visual Studio 15
VisualStudioVersion = 15.0.27703.2035
MinimumVisualStudioVersion = 10.0.40219.1
Project("{FAE04EC0-301F-11D3-BF4B-00C04F79EFBC}") = "PhotoAlbum", "PhotoAlbum.csproj", "{7B846730-5FD4-4F47-B5F7-EC23694055ED}"
EndProject
Global
	GlobalSection(SolutionConfigurationPlatforms) = preSolution
		Debug|Any CPU = Debug|Any CPU
		Release|Any CPU = Release|Any CPU
	EndGlobalSection
	GlobalSection(ProjectConfigurationPlatforms) = postSolution
		{7B846730-5FD4-4F47-B5F7-EC23694055ED}.Debug|Any CPU.ActiveCfg = Debug|Any CPU
		{7B846730-5FD4-4F47-B5F7-EC23694055ED}.Debug|Any CPU.Build.0 = Debug|Any CPU
		{7B846730-5FD4-4F47-B5F7-EC23694055ED}.Release|Any CPU.ActiveCfg = Release|Any CPU
		{7B846730-5FD4-4F47-B5F7-EC23694055ED}.Release|Any CPU.Build.0 = Release|Any CPU
	EndGlobalSection
	GlobalSection(SolutionProperties) = preSolution
		HideSolutionNode = FALSE
	EndGlobalSection
	GlobalSection(ExtensibilityGlobals) = postSolution
		SolutionGuid = {283B25FC-AD7E-46F4-BDD1-A8981C5D40ED}
	EndGlobalSection
EndGlobal
